
Microsoft Visual Studio Solution File, Format Version 12.00
# Visual Studio Version 17
VisualStudioVersion = 17.7.34003.232
MinimumVisualStudioVersion = 10.0.40219.1
Project("{FAE04EC0-301F-11D3-BF4B-00C04F79EFBC}") = "UdpMulticast.Sender", "UdpMulticast.Sender\UdpMulticast.Sender.csproj", "{0ED416F5-7AC5-42F4-9EC5-46F6F6E60696}"
EndProject
Project("{FAE04EC0-301F-11D3-BF4B-00C04F79EFBC}") = "UdpMulticast.Receiver", "UdpMulticast.Receiver\UdpMulticast.Receiver.csproj", "{3FDA9A06-B735-47D1-82C1-14A4051E2CC8}"
EndProject
Global
	GlobalSection(SolutionConfigurationPlatforms) = preSolution
		Debug|Any CPU = Debug|Any CPU
		Release|Any CPU = Release|Any CPU
	EndGlobalSection
	GlobalSection(ProjectConfigurationPlatforms) = postSolution
		{0ED416F5-7AC5-42F4-9EC5-46F6F6E60696}.Debug|Any CPU.ActiveCfg = Debug|Any CPU
		{0ED416F5-7AC5-42F4-9EC5-46F6F6E60696}.Debug|Any CPU.Build.0 = Debug|Any CPU
		{0ED416F5-7AC5-42F4-9EC5-46F6F6E60696}.Release|Any CPU.ActiveCfg = Release|Any CPU
		{0ED416F5-7AC5-42F4-9EC5-46F6F6E60696}.Release|Any CPU.Build.0 = Release|Any CPU
		{3FDA9A06-B735-47D1-82C1-14A4051E2CC8}.Debug|Any CPU.ActiveCfg = Debug|Any CPU
		{3FDA9A06-B735-47D1-82C1-14A4051E2CC8}.Debug|Any CPU.Build.0 = Debug|Any CPU
		{3FDA9A06-B735-47D1-82C1-14A4051E2CC8}.Release|Any CPU.ActiveCfg = Release|Any CPU
		{3FDA9A06-B735-47D1-82C1-14A4051E2CC8}.Release|Any CPU.Build.0 = Release|Any CPU
	EndGlobalSection
	GlobalSection(SolutionProperties) = preSolution
		HideSolutionNode = FALSE
	EndGlobalSection
	GlobalSection(ExtensibilityGlobals) = postSolution
		SolutionGuid = {68818FF9-2F5E-49CA-815A-F004C2CBD0F8}
	EndGlobalSection
EndGlobal
